version = 1
revision = 3
requires-python = ">=3.11"
resolution-markers = [
    "python_full_version >= '3.12'",
    "python_full_version < '3.12'",
]

[[package]]
name = "annotated-doc"
version = "0.0.5"
source = { registry = "https://pypi.org/simple" }
sdist = { url = "https://files.pythonhosted.org/packages/5a/8e/38aa427ed5402449e226975b649c5dc73ccadfefeb95e6aecb8f8ea4b6b6/annotated_doc-0.0.5.tar.gz", hash = "sha256:c7e58ce09192557605d8bbd92836d7e1d520ac9580096042c0bfd197efacf1bb", size = 10758, upload-time = "2026-07-28T13:50:58.129Z" }
wheels = [
    { url = "https://files.pythonhosted.org/packages/3e/30/e900b21425a860e195f32e37657aa1f7c7f2b1bfb26f03ca209b90933c06/annotated_doc-0.0.5-py3-none-any.whl", hash = "sha256:117bac03a25ede5df5440e855b32d556049ca169ead221505badf432fed4b101", size = 5302, upload-time = "2026-07-28T13:50:57.239Z" },
]

[[package]]
name = "colorama"
version = "0.4.6"
source = { registry = "https://download.pytorch.org/whl/cu132" }
wheels = [
    { url = "https://download.pytorch.org/whl/colorama-0.4.6-py2.py3-none-any.whl", hash = "sha256:4f1d9991f5acc0ca119f9d443620b77f9d6b33703e51011c16baf57afb285fc6", upload-time = "2023-10-05T23:50:34Z" },
]

[[package]]
name = "cuda-bindings"
version = "13.3.1"
source = { registry = "https://download.pytorch.org/whl/cu132" }
dependencies = [
    { name = "cuda-pathfinder" },
]
wheels = [
    { url = "https://files.pythonhosted.org/packages/51/6b/457ca12dad3ee9bfcc9a545cfd6b64b359ba49de40f776f6e028e678f262/cuda_bindings-13.3.1-cp311-cp311-manylinux_2_24_aarch64.manylinux_2_28_aarch64.whl", hash = "sha256:c5879712accf6e14bb01aa5e67440eb84998b8d104b509cc7a6dc0b8f656a474" },
    { url = "https://files.pythonhosted.org/packages/95/7a/c5e3c34a409b148f5c0f5a4ea374158f95d488862c1dffedf9aa5c639df9/cuda_bindings-13.3.1-cp311-cp311-manylinux_2_24_x86_64.manylinux_2_28_x86_64.whl", hash = "sha256:04436a9364059c84b8f9636f359eccda1cf814341f5b670c71d80d2f79dbc708" },
    { url = "https://files.pythonhosted.org/packages/ce/67/5e7dba1ba576dd73da5dee894ca076ca5e959450dfff66d6d510a255d1f7/cuda_bindings-13.3.1-cp312-cp312-manylinux_2_24_aarch64.manylinux_2_28_aarch64.whl", hash = "sha256:c7855c4868aabc0cfae28abbe83d56734bdfbd08f08fc234ac1912a12858bf49" },
    { url = "https://files.pythonhosted.org/packages/39/2a/6d2e9047d1fb243dbaa364b01e0297534b9ed7fd27dba1c9f361519cf69b/cuda_bindings-13.3.1-cp312-cp312-manylinux_2_24_x86_64.manylinux_2_28_x86_64.whl", hash = "sha256:e32d08f71ebcdf00f0f41eab2eb37e8da94c8ed411cc9f7f7a019ce6b34abe3a" },
    { url = "https://files.pythonhosted.org/packages/cc/6e/2394f8163360f8391f8f1b7e72d300a82724edb81a7b7084c799fbd4c91f/cuda_bindings-13.3.1-cp313-cp313-manylinux_2_24_aarch64.manylinux_2_28_aarch64.whl", hash = "sha256:9efb21c1ee64981e184b9e0ba5eb3179e5ba3d4b51665a6cb52b8ef3d01a7cbf" },
    { url = "https://files.pythonhosted.org/packages/34/c2/ef9b6a63f7dc432712a462c816662e662e00d38caa9b861c8c2588195d03/cuda_bindings-13.3.1-cp313-cp313-manylinux_2_24_x86_64.manylinux_2_28_x86_64.whl", hash = "sha256:2732904099e0a4d4db774a5fc6d91ee95fae065b4d2ecabb4968c5fe2406c9d7" },
    { url = "https://files.pythonhosted.org/packages/b1/81/bff68ce829999c1e4209c761bbf903b1c06ec570416ddb25020864ad5907/cuda_bindings-13.3.1-cp314-cp314-manylinux_2_24_aarch64.manylinux_2_28_aarch64.whl", hash = "sha256:1ab2f74ed65bfef4163ba07a8db16f1085e0729291db12a2423aff84ee8278b8" },
    { url = "https://files.pythonhosted.org/packages/d4/e0/c8a1f0c8f9ffdea4f5fe6dbab89b326cef4d85caf489dad39e209da89416/cuda_bindings-13.3.1-cp314-cp314-manylinux_2_24_x86_64.manylinux_2_28_x86_64.whl", hash = "sha256:efd4c814d311ec08c981f6dded1dbe7d4b371067ee4f6c14cccec4bde9590f80" },
    { url = "https://files.pythonhosted.org/packages/52/b8/83b1f563925b290f2d11a01a77a84013ba56052fe3653a5bef3ccfbb43d6/cuda_bindings-13.3.1-cp314-cp314t-manylinux_2_24_aarch64.manylinux_2_28_aarch64.whl", hash = "sha256:c3c772dfff49681541d59630c90f858e173ac926b9c593a2b7123f2a1043cc76" },
    { url = "https://files.pythonhosted.org/packages/12/20/e79b4bfe98f075195afb6343d41c498f9dbd2d161d7021d4d28bceb83581/cuda_bindings-13.3.1-cp314-cp314t-manylinux_2_24_x86_64.manylinux_2_28_x86_64.whl", hash = "sha256:36febb7c1079d68a981dbbd8d5a67235b399802b82075c9388624719607e52b9" },
]

[[package]]
name = "cuda-pathfinder"
version = "1.6.0"
source = { registry = "https://download.pytorch.org/whl/cu132" }
wheels = [
    { url = "https://files.pythonhosted.org/packages/fc/b4/d088047afe39827556df21118cac9ffd20cc3f968c99a7681494d1eb333c/cuda_pathfinder-1.6.0-py3-none-any.whl", hash = "sha256:1503af579d8379c24bdd65528379bc57039b0455be9f5f9686cf8e473a1fce51" },
]

[[package]]
name = "cuda-toolkit"
version = "13.2.1"
source = { registry = "https://download.pytorch.org/whl/cu132" }
wheels = [
    { url = "https://pypi.nvidia.com/cuda-toolkit/cuda_toolkit-13.2.1-py2.py3-none-any.whl", hash = "sha256:646d0e3668ce6f78f2312bb9cc0f668b9cbfcbef187eaa6a39eb2ea6dbec2a31" },
]

[package.optional-dependencies]
cublas = [
    { name = "nvidia-cublas", marker = "(platform_machine == 'aarch64' and sys_platform == 'linux') or (platform_machine == 'x86_64' and sys_platform == 'linux') or (platform_machine == 'AMD64' and sys_platform == 'win32')" },
    { name = "nvidia-cuda-nvrtc", marker = "(platform_machine == 'aarch64' and sys_platform == 'linux') or (platform_machine == 'x86_64' and sys_platform == 'linux') or (platform_machine == 'AMD64' and sys_platform == 'win32')" },
]
cudart = [
    { name = "nvidia-cuda-runtime", marker = "(platform_machine == 'aarch64' and sys_platform == 'linux') or (platform_machine == 'x86_64' and sys_platform == 'linux') or (platform_machine == 'AMD64' and sys_platform == 'win32')" },
]
cufft = [
    { name = "nvidia-cufft", marker = "(platform_machine == 'aarch64' and sys_platform == 'linux') or (platform_machine == 'x86_64' and sys_platform == 'linux') or (platform_machine == 'AMD64' and sys_platform == 'win32')" },
    { name = "nvidia-nvjitlink", marker = "(platform_machine == 'aarch64' and sys_platform == 'linux') or (platform_machine == 'x86_64' and sys_platform == 'linux') or (platform_machine == 'AMD64' and sys_platform == 'win32')" },
]
cufile = [
    { name = "nvidia-cufile", marker = "(platform_machine == 'aarch64' and sys_platform == 'linux') or (platform_machine == 'x86_64' and sys_platform == 'linux')" },
]
cupti = [
    { name = "nvidia-cuda-cupti", marker = "(platform_machine == 'aarch64' and sys_platform == 'linux') or (platform_machine == 'x86_64' and sys_platform == 'linux') or (platform_machine == 'AMD64' and sys_platform == 'win32')" },
]
curand = [
    { name = "nvidia-curand", marker = "(platform_machine == 'aarch64' and sys_platform == 'linux') or (platform_machine == 'x86_64' and sys_platform == 'linux') or (platform_machine == 'AMD64' and sys_platform == 'win32')" },
]
cusolver = [
    { name = "nvidia-cublas", marker = "(platform_machine == 'aarch64' and sys_platform == 'linux') or (platform_machine == 'x86_64' and sys_platform == 'linux') or (platform_machine == 'AMD64' and sys_platform == 'win32')" },
    { name = "nvidia-cusolver", marker = "(platform_machine == 'aarch64' and sys_platform == 'linux') or (platform_machine == 'x86_64' and sys_platform == 'linux') or (platform_machine == 'AMD64' and sys_platform == 'win32')" },
    { name = "nvidia-cusparse", marker = "(platform_machine == 'aarch64' and sys_platform == 'linux') or (platform_machine == 'x86_64' and sys_platform == 'linux') or (platform_machine == 'AMD64' and sys_platform == 'win32')" },
    { name = "nvidia-nvjitlink", marker = "(platform_machine == 'aarch64' and sys_platform == 'linux') or (platform_machine == 'x86_64' and sys_platform == 'linux') or (platform_machine == 'AMD64' and sys_platform == 'win32')" },
]
cusparse = [
    { name = "nvidia-cusparse", marker = "(platform_machine == 'aarch64' and sys_platform == 'linux') or (platform_machine == 'x86_64' and sys_platform == 'linux') or (platform_machine == 'AMD64' and sys_platform == 'win32')" },
    { name = "nvidia-nvjitlink", marker = "(platform_machine == 'aarch64' and sys_platform == 'linux') or (platform_machine == 'x86_64' and sys_platform == 'linux') or (platform_machine == 'AMD64' and sys_platform == 'win32')" },
]
nvjitlink = [
    { name = "nvidia-nvjitlink", marker = "(platform_machine == 'aarch64' and sys_platform == 'linux') or (platform_machine == 'x86_64' and sys_platform == 'linux') or (platform_machine == 'AMD64' and sys_platform == 'win32')" },
]
nvrtc = [
    { name = "nvidia-cuda-nvrtc", marker = "(platform_machine == 'aarch64' and sys_platform == 'linux') or (platform_machine == 'x86_64' and sys_platform == 'linux') or (platform_machine == 'AMD64' and sys_platform == 'win32')" },
]
nvtx = [
    { name = "nvidia-nvtx", marker = "(platform_machine == 'aarch64' and sys_platform == 'linux') or (platform_machine == 'x86_64' and sys_platform == 'linux') or (platform_machine == 'AMD64' and sys_platform == 'win32')" },
]

[[package]]
name = "filelock"
version = "3.32.2"
source = { registry = "https://download.pytorch.org/whl/cu132" }
sdist = { url = "https://files.pythonhosted.org/packages/f6/57/3ba6e6cb097f85b855b00163d169f35365f44277df044dcf96d55b8f62a3/filelock-3.32.2.tar.gz", hash = "sha256:c33351e1f49cae33414acbc6d56784e6ecee82514ec90795da1161fc4836b5b8" }
wheels = [
    { url = "https://files.pythonhosted.org/packages/c1/e8/72f8cef9fdfeffe06213fe8508039396ee48daa0e3259457ed766173bfd6/filelock-3.32.2-py3-none-any.whl", hash = "sha256:87dd94cf281e586d135fa51132b8e3d9a598b316e90377a288663c9321036c82" },
]

[[package]]
name = "fsspec"
version = "2026.7.0"
source = { registry = "https://download.pytorch.org/whl/cu132" }
sdist = { url = "https://files.pythonhosted.org/packages/00/78/f34251dadb8f3921264a1d9b8946f5e542014ee2614b285261b4e40e6775/fsspec-2026.7.0.tar.gz", hash = "sha256:c803c40f4cf860b49dea58ee3e1c33cb9c790520e233537e1340049f89b82a88" }
wheels = [
    { url = "https://files.pythonhosted.org/packages/fd/3c/6a2bf344106328fd04963664a60b9bb6496fc25df8e962fcdc1367285fb9/fsspec-2026.7.0-py3-none-any.whl", hash = "sha256:b57ddbafedfaef7018c1ecab32aa200a9d7ca26b77965f64e48b70061249d279" },
]

[[package]]
name = "jinja2"
version = "3.1.6"
source = { registry = "https://download.pytorch.org/whl/cu132" }
dependencies = [
    { name = "markupsafe" },
]
wheels = [
    { url = "https://download.pytorch.org/whl/jinja2-3.1.6-py3-none-any.whl", upload-time = "2025-10-14T18:38:59Z" },
]

[[package]]
name = "markdown-it-py"
version = "4.2.0"
source = { registry = "https://pypi.org/simple" }
dependencies = [
    { name = "mdurl" },
]
sdist = { url = "https://files.pythonhosted.org/packages/06/ff/7841249c247aa650a76b9ee4bbaeae59370dc8bfd2f6c01f3630c35eb134/markdown_it_py-4.2.0.tar.gz", hash = "sha256:04a21681d6fbb623de53f6f364d352309d4094dd4194040a10fd51833e418d49", size = 82454, upload-time = "2026-05-07T12:08:28.36Z" }
wheels = [
    { url = "https://files.pythonhosted.org/packages/b3/81/4da04ced5a082363ecfa159c010d200ecbd959ae410c10c0264a38cac0f5/markdown_it_py-4.2.0-py3-none-any.whl", hash = "sha256:9f7ebbcd14fe59494226453aed97c1070d83f8d24b6fc3a3bcf9a38092641c4a", size = 91687, upload-time = "2026-05-07T12:08:27.182Z" },
]

[[package]]
name = "markupsafe"
version = "3.0.3"
source = { registry = "https://download.pytorch.org/whl/cu132" }
wheels = [
    { url = "https://download.pytorch.org/whl/markupsafe-3.0.3-cp311-cp311-macosx_11_0_arm64.whl", upload-time = "2026-03-27T13:54:29Z" },
    { url = "https://download.pytorch.org/whl/markupsafe-3.0.3-cp311-cp311-manylinux2014_aarch64.manylinux_2_17_aarch64.manylinux_2_28_aarch64.whl", upload-time = "2026-03-27T13:54:31Z" },
    { url = "https://download.pytorch.org/whl/markupsafe-3.0.3-cp311-cp311-manylinux2014_x86_64.manylinux_2_17_x86_64.manylinux_2_28_x86_64.whl", upload-time = "2026-03-27T13:54:32Z" },
    { url = "https://download.pytorch.org/whl/markupsafe-3.0.3-cp311-cp311-win_amd64.whl", upload-time = "2026-03-27T13:54:31Z" },
    { url = "https://download.pytorch.org/whl/markupsafe-3.0.3-cp312-cp312-macosx_11_0_arm64.whl", upload-time = "2026-03-27T13:54:33Z" },
    { url = "https://download.pytorch.org/whl/markupsafe-3.0.3-cp312-cp312-manylinux2014_aarch64.manylinux_2_17_aarch64.manylinux_2_28_aarch64.whl", upload-time = "2026-03-27T13:54:33Z" },
    { url = "https://download.pytorch.org/whl/markupsafe-3.0.3-cp312-cp312-manylinux2014_x86_64.manylinux_2_17_x86_64.manylinux_2_28_x86_64.whl", upload-time = "2026-03-27T13:54:35Z" },
    { url = "https://download.pytorch.org/whl/markupsafe-3.0.3-cp312-cp312-win_amd64.whl", upload-time = "2026-03-27T13:54:35Z" },
    { url = "https://download.pytorch.org/whl/markupsafe-3.0.3-cp313-cp313-macosx_11_0_arm64.whl", upload-time = "2026-03-27T13:54:35Z" },
    { url = "https://download.pytorch.org/whl/markupsafe-3.0.3-cp313-cp313-manylinux2014_aarch64.manylinux_2_17_aarch64.manylinux_2_28_aarch64.whl", upload-time = "2026-03-27T13:54:37Z" },
    { url = "https://download.pytorch.org/whl/markupsafe-3.0.3-cp313-cp313-manylinux2014_x86_64.manylinux_2_17_x86_64.manylinux_2_28_x86_64.whl", upload-time = "2026-03-27T13:54:37Z" },
    { url = "https://download.pytorch.org/whl/markupsafe-3.0.3-cp313-cp313-win_amd64.whl", upload-time = "2026-03-27T13:54:39Z" },
    { url = "https://download.pytorch.org/whl/markupsafe-3.0.3-cp313-cp313t-macosx_11_0_arm64.whl", upload-time = "2026-03-27T13:54:39Z" },
    { url = "https://download.pytorch.org/whl/markupsafe-3.0.3-cp313-cp313t-manylinux2014_aarch64.manylinux_2_17_aarch64.manylinux_2_28_aarch64.whl", upload-time = "2026-03-27T13:54:39Z" },
    { url = "https://download.pytorch.org/whl/markupsafe-3.0.3-cp313-cp313t-manylinux2014_x86_64.manylinux_2_17_x86_64.manylinux_2_28_x86_64.whl", upload-time = "2026-03-27T13:54:41Z" },
    { url = "https://download.pytorch.org/whl/markupsafe-3.0.3-cp313-cp313t-win_amd64.whl", upload-time = "2026-03-27T13:54:41Z" },
    { url = "https://download.pytorch.org/whl/markupsafe-3.0.3-cp314-cp314-macosx_11_0_arm64.whl", upload-time = "2026-02-23T16:46:37Z" },
    { url = "https://download.pytorch.org/whl/markupsafe-3.0.3-cp314-cp314-manylinux2014_aarch64.manylinux_2_17_aarch64.manylinux_2_28_aarch64.whl", upload-time = "2026-02-23T16:46:37Z" },
    { url = "https://download.pytorch.org/whl/markupsafe-3.0.3-cp314-cp314-manylinux2014_x86_64.manylinux_2_17_x86_64.manylinux_2_28_x86_64.whl", upload-time = "2026-02-23T16:46:37Z" },
    { url = "https://download.pytorch.org/whl/markupsafe-3.0.3-cp314-cp314-win_amd64.whl", upload-time = "2026-02-23T16:46:37Z" },
    { url = "https://download.pytorch.org/whl/markupsafe-3.0.3-cp314-cp314t-macosx_11_0_arm64.whl", upload-time = "2026-02-23T16:46:39Z" },
    { url = "https://download.pytorch.org/whl/markupsafe-3.0.3-cp314-cp314t-manylinux2014_aarch64.manylinux_2_17_aarch64.manylinux_2_28_aarch64.whl", upload-time = "2026-02-23T16:46:41Z" },
    { url = "https://download.pytorch.org/whl/markupsafe-3.0.3-cp314-cp314t-manylinux2014_x86_64.manylinux_2_17_x86_64.manylinux_2_28_x86_64.whl", upload-time = "2026-02-23T16:46:41Z" },
    { url = "https://download.pytorch.org/whl/markupsafe-3.0.3-cp314-cp314t-win_amd64.whl", upload-time = "2026-02-23T16:46:41Z" },
]

[[package]]
name = "mdurl"
version = "0.1.2"
source = { registry = "https://pypi.org/simple" }
sdist = { url = "https://files.pythonhosted.org/packages/d6/54/cfe61301667036ec958cb99bd3efefba235e65cdeb9c84d24a8293ba1d90/mdurl-0.1.2.tar.gz", hash = "sha256:bb413d29f5eea38f31dd4754dd7377d4465116fb207585f97bf925588687c1ba", size = 8729, upload-time = "2022-08-14T12:40:10.846Z" }
wheels = [
    { url = "https://files.pythonhosted.org/packages/b3/38/89ba8ad64ae25be8de66a6d463314cf1eb366222074cfda9ee839c56a4b4/mdurl-0.1.2-py3-none-any.whl", hash = "sha256:84008a41e51615a49fc9966191ff91509e3c40b939176e643fd50a5c2196b8f8", size = 9979, upload-time = "2022-08-14T12:40:09.779Z" },
]

[[package]]
name = "mpmath"
version = "1.3.0"
source = { registry = "https://download.pytorch.org/whl/cu132" }
sdist = { url = "https://files.pythonhosted.org/packages/e0/47/dd32fa426cc72114383ac549964eecb20ecfd886d1e5ccf5340b55b02f57/mpmath-1.3.0.tar.gz", hash = "sha256:7a28eb2a9774d00c7bc92411c19a89209d5da7c4c9a9e227be8330a23a25b91f" }
wheels = [
    { url = "https://files.pythonhosted.org/packages/43/e3/7d92a15f894aa0c9c4b49b8ee9ac9850d6e63b03c9c32c0367a13ae62209/mpmath-1.3.0-py3-none-any.whl", hash = "sha256:a0b2b9fe80bbcd81a6647ff13108738cfb482d481d826cc0e02f5b35e5c88d2c" },
]

[[package]]
name = "networkx"
version = "3.6.1"
source = { registry = "https://download.pytorch.org/whl/cu132" }
sdist = { url = "https://files.pythonhosted.org/packages/6a/51/63fe664f3908c97be9d2e4f1158eb633317598cfa6e1fc14af5383f17512/networkx-3.6.1.tar.gz", hash = "sha256:26b7c357accc0c8cde558ad486283728b65b6a95d85ee1cd66bafab4c8168509" }
wheels = [
    { url = "https://files.pythonhosted.org/packages/9e/c9/b2622292ea83fbb4ec318f5b9ab867d0a28ab43c5717bb85b0a5f6b3b0a4/networkx-3.6.1-py3-none-any.whl", hash = "sha256:d47fbf302e7d9cbbb9e2555a0d267983d2aa476bac30e90dfbe5669bd57f3762" },
]

[[package]]
name = "nvidia-cublas"
version = "13.4.0.1"
source = { registry = "https://download.pytorch.org/whl/cu132" }
dependencies = [
    { name = "nvidia-cuda-nvrtc" },
]
wheels = [
    { url = "https://pypi.nvidia.com/nvidia-cublas/nvidia_cublas-13.4.0.1-py3-none-manylinux_2_27_aarch64.whl", hash = "sha256:705d7d214fbb20f134415ecadc488abf74f444c155a6555dec5687404afb18a9" },
    { url = "https://pypi.nvidia.com/nvidia-cublas/nvidia_cublas-13.4.0.1-py3-none-manylinux_2_27_x86_64.whl", hash = "sha256:53bf22e2ccbf644db74b6cc21cea7f5efb1a52aa64515438b430abbd05af4106" },
]

[[package]]
name = "nvidia-cuda-cupti"
version = "13.2.75"
source = { registry = "https://download.pytorch.org/whl/cu132" }
wheels = [
    { url = "https://pypi.nvidia.com/nvidia-cuda-cupti/nvidia_cuda_cupti-13.2.75-py3-none-manylinux_2_25_aarch64.whl", hash = "sha256:003157a0ca04d34a1f83a764dcbe36eabceda5a771e9a2cc85a461b2765888b6" },
    { url = "https://pypi.nvidia.com/nvidia-cuda-cupti/nvidia_cuda_cupti-13.2.75-py3-none-manylinux_2_25_x86_64.whl", hash = "sha256:f75aca6bef89c625a4076a820302bb06764daa1d21595286f6bee5e237d3a187" },
]

[[package]]
name = "nvidia-cuda-nvrtc"
version = "13.2.78"
source = { registry = "https://download.pytorch.org/whl/cu132" }
wheels = [
    { url = "https://pypi.nvidia.com/nvidia-cuda-nvrtc/nvidia_cuda_nvrtc-13.2.78-py3-none-manylinux2010_x86_64.manylinux_2_12_x86_64.whl", hash = "sha256:a9049031da08cbedd0c20e3470e5a978dc330af0e0326b3b05774718c665dc3e" },
    { url = "https://pypi.nvidia.com/nvidia-cuda-nvrtc/nvidia_cuda_nvrtc-13.2.78-py3-none-manylinux2014_aarch64.manylinux_2_17_aarch64.whl", hash = "sha256:a50367a7e2a0bd00fb27e5648179149cc7a60e7c7811740a5ff559f06234526d" },
]

[[package]]
name = "nvidia-cuda-runtime"
version = "13.2.75"
source = { registry = "https://download.pytorch.org/whl/cu132" }
wheels = [
    { url = "https://pypi.nvidia.com/nvidia-cuda-runtime/nvidia_cuda_runtime-13.2.75-py3-none-manylinux2014_aarch64.manylinux_2_17_aarch64.whl", hash = "sha256:36e539e8deb01568025830c1454216c26ef4b4529507220b1d8ef739bf5c6439" },
    { url = "https://pypi.nvidia.com/nvidia-cuda-runtime/nvidia_cuda_runtime-13.2.75-py3-none-manylinux2014_x86_64.manylinux_2_17_x86_64.whl", hash = "sha256:72bf454902da594e0b833cadeddc8b7100ce1c7cf7ed9023943931be1aa913b7" },
]

[[package]]
name = "nvidia-cudnn-cu13"
version = "9.20.0.48"
source = { registry = "https://download.pytorch.org/whl/cu132" }
dependencies = [
    { name = "nvidia-cublas" },
]
wheels = [
    { url = "https://pypi.nvidia.com/nvidia-cudnn-cu13/nvidia_cudnn_cu13-9.20.0.48-py3-none-manylinux_2_27_aarch64.whl", hash = "sha256:e31454ae00094b0c55319d9d15b6fa2fc50a9e1c0f5c8c80fb75258234e731e1" },
    { url = "https://pypi.nvidia.com/nvidia-cudnn-cu13/nvidia_cudnn_cu13-9.20.0.48-py3-none-manylinux_2_27_x86_64.whl", hash = "sha256:0c45dd8eeb50b603f07995b1b300c62ffe6a1980482b82b3bcf94a4ca9d49304" },
]

[[package]]
name = "nvidia-cufft"
version = "12.2.0.46"
source = { registry = "https://download.pytorch.org/whl/cu132" }
dependencies = [
    { name = "nvidia-nvjitlink" },
]
wheels = [
    { url = "https://pypi.nvidia.com/nvidia-cufft/nvidia_cufft-12.2.0.46-py3-none-manylinux2014_aarch64.manylinux_2_17_aarch64.whl", hash = "sha256:2e8f3a22c2745f95327b7639ba2868ea2cbd5d3131ebe6313394e24164054f41" },
    { url = "https://pypi.nvidia.com/nvidia-cufft/nvidia_cufft-12.2.0.46-py3-none-manylinux2014_x86_64.manylinux_2_17_x86_64.whl", hash = "sha256:a9667ae4d81b9e54ddbbad24a9e72334f89d4fc184566d05ef028e2760c820eb" },
]

[[package]]
name = "nvidia-cufile"
version = "1.17.1.22"
source = { registry = "https://download.pytorch.org/whl/cu132" }
wheels = [
    { url = "https://pypi.nvidia.com/nvidia-cufile/nvidia_cufile-1.17.1.22-py3-none-manylinux_2_27_aarch64.whl", hash = "sha256:bec33d7f1f12691dce330275246587569c2ed90b1ce43b0f94b3e1ce9268744b" },
    { url = "https://pypi.nvidia.com/nvidia-cufile/nvidia_cufile-1.17.1.22-py3-none-manylinux_2_27_x86_64.whl", hash = "sha256:87feaf8c3ad20d3d03a01933181801ff6892bace5c8f0b1e4b48f319d3e62d36" },
]

[[package]]
name = "nvidia-curand"
version = "10.4.2.55"
source = { registry = "https://download.pytorch.org/whl/cu132" }
wheels = [
    { url = "https://pypi.nvidia.com/nvidia-curand/nvidia_curand-10.4.2.55-py3-none-manylinux_2_27_aarch64.whl", hash = "sha256:342e40ddcaedc92aedc72839e0c10064096fceea2f1d0eb57951f86d2901f8c0" },
    { url = "https://pypi.nvidia.com/nvidia-curand/nvidia_curand-10.4.2.55-py3-none-manylinux_2_27_x86_64.whl", hash = "sha256:b4080cab49d4939f8e46b2c195c76c698d2289835c36ede558836daa40000e70" },
]

[[package]]
name = "nvidia-cusolver"
version = "12.2.0.1"
source = { registry = "https://download.pytorch.org/whl/cu132" }
dependencies = [
    { name = "nvidia-cublas" },
    { name = "nvidia-cusparse" },
    { name = "nvidia-nvjitlink" },
]
wheels = [
    { url = "https://pypi.nvidia.com/nvidia-cusolver/nvidia_cusolver-12.2.0.1-py3-none-manylinux_2_27_aarch64.whl", hash = "sha256:c9def09fcf300b9465cdf800142abf10149df28c4290bdf9e7b4a700480d31d7" },
    { url = "https://pypi.nvidia.com/nvidia-cusolver/nvidia_cusolver-12.2.0.1-py3-none-manylinux_2_27_x86_64.whl", hash = "sha256:4693ea3c2a5d20369da7b5a4970a41df9b40f1b6f2ef9909c95f7c8c8c5ffb4d" },
]

[[package]]
name = "nvidia-cusparse"
version = "12.7.10.1"
source = { registry = "https://download.pytorch.org/whl/cu132" }
dependencies = [
    { name = "nvidia-nvjitlink" },
]
wheels = [
    { url = "https://pypi.nvidia.com/nvidia-cusparse/nvidia_cusparse-12.7.10.1-py3-none-manylinux2014_aarch64.manylinux_2_17_aarch64.whl", hash = "sha256:80cc98b38fdcf054a80bd9782fe2e63c66f90e202cac269f641357ccac5fe7e3" },
    { url = "https://pypi.nvidia.com/nvidia-cusparse/nvidia_cusparse-12.7.10.1-py3-none-manylinux2014_x86_64.manylinux_2_17_x86_64.whl", hash = "sha256:f0d110640aa63e7182fa787cc245afa07c5fb84ac30f1c4029e4fa3012353172" },
]

[[package]]
name = "nvidia-cusparselt-cu13"
version = "0.8.1"
source = { registry = "https://download.pytorch.org/whl/cu132" }
wheels = [
    { url = "https://pypi.nvidia.com/nvidia-cusparselt-cu13/nvidia_cusparselt_cu13-0.8.1-py3-none-manylinux2014_aarch64.whl", hash = "sha256:4dca476c50bf4780d46cd0bfbd82e2bc10a08e4fef7950917ce8d7578d22a23f" },
    { url = "https://pypi.nvidia.com/nvidia-cusparselt-cu13/nvidia_cusparselt_cu13-0.8.1-py3-none-manylinux2014_x86_64.whl", hash = "sha256:786ce87568c303fadb5afcc7102d454cd3040d75f6f8626f5db460d1871f4dd0" },
]

[[package]]
name = "nvidia-nccl-cu13"
version = "2.29.7"
source = { registry = "https://download.pytorch.org/whl/cu132" }
wheels = [
    { url = "https://pypi.nvidia.com/nvidia-nccl-cu13/nvidia_nccl_cu13-2.29.7-py3-none-manylinux_2_18_aarch64.whl", hash = "sha256:674a12383e3c38a1bcccae7d4f3633b37852230b6047883cb2f4c2d1b36d9bf5" },
    { url = "https://pypi.nvidia.com/nvidia-nccl-cu13/nvidia_nccl_cu13-2.29.7-py3-none-manylinux_2_18_x86_64.whl", hash = "sha256:edd81538446786ec3b73972543e53bb43bcaf0bfc8ef76cb679fcc390ffe136d" },
]

[[package]]
name = "nvidia-nvjitlink"
version = "13.3.33"
source = { registry = "https://download.pytorch.org/whl/cu132" }
wheels = [
    { url = "https://pypi.nvidia.com/nvidia-nvjitlink/nvidia_nvjitlink-13.3.33-py3-none-manylinux2010_x86_64.manylinux_2_12_x86_64.whl", hash = "sha256:26a6de7fb4c8fdaa7703d3dad720d6d427ddfea5c48a528fd97c11733ad830e5" },
    { url = "https://pypi.nvidia.com/nvidia-nvjitlink/nvidia_nvjitlink-13.3.33-py3-none-manylinux2014_aarch64.manylinux_2_17_aarch64.whl", hash = "sha256:ce48b37dfeb3cb1eae4cf85adacb47d7a6539ea2272870c9a3628ce275c2037e" },
]

[[package]]
name = "nvidia-nvshmem-cu13"
version = "3.4.5"
source = { registry = "https://download.pytorch.org/whl/cu132" }
wheels = [
    { url = "https://pypi.nvidia.com/nvidia-nvshmem-cu13/nvidia_nvshmem_cu13-3.4.5-py3-none-manylinux2014_aarch64.manylinux_2_17_aarch64.whl", hash = "sha256:6dc2a197f38e5d0376ad52cd1a2a3617d3cdc150fd5966f4aee9bcebb1d68fe9" },
    { url = "https://pypi.nvidia.com/nvidia-nvshmem-cu13/nvidia_nvshmem_cu13-3.4.5-py3-none-manylinux2014_x86_64.manylinux_2_17_x86_64.whl", hash = "sha256:290f0a2ee94c9f3687a02502f3b9299a9f9fe826e6d0287ee18482e78d495b80" },
]

[[package]]
name = "nvidia-nvtx"
version = "13.2.75"
source = { registry = "https://download.pytorch.org/whl/cu132" }
wheels = [
    { url = "https://pypi.nvidia.com/nvidia-nvtx/nvidia_nvtx-13.2.75-py3-none-manylinux1_x86_64.manylinux_2_5_x86_64.whl", hash = "sha256:2d7c24fc582d841493c6dc2cf017c25e4428cf583a3bd9e9325a65f0ecc65f73" },
    { url = "https://pypi.nvidia.com/nvidia-nvtx/nvidia_nvtx-13.2.75-py3-none-manylinux2014_aarch64.manylinux_2_17_aarch64.whl", hash = "sha256:d8e1c4a14a21d6dd4bc2fc59eb1e3f42447db40edf5d0f580c0eba5f9abb606c" },
]

[[package]]
name = "potatoforge-quants"
version = "0.1.0"
source = { editable = "." }
dependencies = [
    { name = "safetensors" },
    { name = "torch" },
    { name = "typer" },
]

[package.metadata]
requires-dist = [
    { name = "safetensors", specifier = ">=0.8.0" },
    { name = "torch", specifier = "==2.12.0", index = "https://download.pytorch.org/whl/cu132" },
    { name = "typer", specifier = ">=0.16.0" },
]

[[package]]
name = "pygments"
version = "2.21.0"
source = { registry = "https://pypi.org/simple" }
sdist = { url = "https://files.pythonhosted.org/packages/49/2e/ced460408999b33da6b31b0021b0f37d329e202d4169aeb164493778f25b/pygments-2.21.0.tar.gz", hash = "sha256:610ca751c9bc2492b38eb9a38a7fbc93edbbb2d7182edaf34e66ae493dee5c8c", size = 5005329, upload-time = "2026-08-17T08:02:48.824Z" }
wheels = [
    { url = "https://files.pythonhosted.org/packages/71/46/17f022dd3e953bf20a04a028a21ec746d942f8d2af30fa0f124fa0e6a684/pygments-2.21.0-py3-none-any.whl", hash = "sha256:2363c69b61c4a97c838da3b130dcd6468f4848992b21a82f2a63ec34377137d9", size = 1250147, upload-time = "2026-08-17T08:02:44.912Z" },
]

[[package]]
name = "rich"
version = "15.0.0"
source = { registry = "https://pypi.org/simple" }
dependencies = [
    { name = "markdown-it-py" },
    { name = "pygments" },
]
sdist = { url = "https://files.pythonhosted.org/packages/c0/8f/0722ca900cc807c13a6a0c696dacf35430f72e0ec571c4275d2371fca3e9/rich-15.0.0.tar.gz", hash = "sha256:edd07a4824c6b40189fb7ac9bc4c52536e9780fbbfbddf6f1e2502c31b068c36", size = 230680, upload-time = "2026-04-12T08:24:00.75Z" }
wheels = [
    { url = "https://files.pythonhosted.org/packages/82/3b/64d4899d73f91ba49a8c18a8ff3f0ea8f1c1d75481760df8c68ef5235bf5/rich-15.0.0-py3-none-any.whl", hash = "sha256:33bd4ef74232fb73fe9279a257718407f169c09b78a87ad3d296f548e27de0bb", size = 310654, upload-time = "2026-04-12T08:24:02.83Z" },
]

[[package]]
name = "safetensors"
version = "0.8.0"
source = { registry = "https://pypi.org/simple" }
sdist = { url = "https://files.pythonhosted.org/packages/45/06/f955dbbb1859e3bd23c8ac6141af5106e7ad5fedec4a3a6e3d60f94b7001/safetensors-0.8.0.tar.gz", hash = "sha256:fabaf3e0f18a6618d9b36560682562157f77c2b71fcffc7b432be2baed9d753d", size = 325846, upload-time = "2026-06-09T07:52:25.563Z" }
wheels = [
    { url = "https://files.pythonhosted.org/packages/39/a0/f718cda65b05407d228f97602cf60dca269c979867aa5beb25410de26cd3/safetensors-0.8.0-cp310-abi3-macosx_10_12_x86_64.whl", hash = "sha256:c554f85858e05226d3c2828e32395e677434685d6d94594a41643361c5e837f0", size = 473568, upload-time = "2026-06-09T07:52:18.829Z" },
    { url = "https://files.pythonhosted.org/packages/f5/b1/fa7c600e7dceae12e9606c7578cbc9ff1e1ed55844883ee5c92205e86226/safetensors-0.8.0-cp310-abi3-macosx_11_0_arm64.whl", hash = "sha256:c80201d22cbf405b80647a60ada77bba06c8fba2da2743ba1e89cdcc39a81f25", size = 484562, upload-time = "2026-06-09T07:52:17.518Z" },
    { url = "https://files.pythonhosted.org/packages/09/7d/65a7de0af421317bb36a067241e4235fff194eed60b961ed6d3f59a3fc60/safetensors-0.8.0-cp310-abi3-manylinux_2_17_aarch64.manylinux2014_aarch64.whl", hash = "sha256:7a46e5ff292c356d6991e60942ba7f79817682d3a2cef0702136448cb9c4d235", size = 502844, upload-time = "2026-06-09T07:52:07.624Z" },
    { url = "https://files.pythonhosted.org/packages/91/4f/3175c9d75634e0e0dda0082794193521035edd7c70a6f212bf33ca06ddf4/safetensors-0.8.0-cp310-abi3-manylinux_2_17_armv7l.manylinux2014_armv7l.whl", hash = "sha256:4124502b78f03534117c848f87a39b8f31e577b15eff423bf8bfb95f2a8c30d0", size = 511823, upload-time = "2026-06-09T07:52:09.565Z" },
    { url = "https://files.pythonhosted.org/packages/20/87/846c289e7aa2299eff406335717cf43ce8777194ece8aad75772e0411615/safetensors-0.8.0-cp310-abi3-manylinux_2_17_ppc64le.manylinux2014_ppc64le.whl", hash = "sha256:7bc0a787ba8a35be368ee3574edfa2b1ad389eebd0a72e482ae275490e3f6c98", size = 633461, upload-time = "2026-06-09T07:52:11.128Z" },
    { url = "https://files.pythonhosted.org/packages/76/22/8d64d9df2c45d5ded401df889d0ad90882804ca172d79ec4f0df8f727fe0/safetensors-0.8.0-cp310-abi3-manylinux_2_17_s390x.manylinux2014_s390x.whl", hash = "sha256:040070828e36dc8e122178bbbd5830ff9e97920affb84cbe0f46442497bed358", size = 545148, upload-time = "2026-06-09T07:52:13.603Z" },
    { url = "https://files.pythonhosted.org/packages/28/50/f203ff3a3ddfe19308efc83c5a3a29ed02bf786732ec35e68bf9162f3365/safetensors-0.8.0-cp310-abi3-manylinux_2_17_x86_64.manylinux2014_x86_64.whl", hash = "sha256:fd6f3f93c9a0a7cc2788ee63fb763353d4bd2e89b0751bc78fcf7dda00bea774", size = 516040, upload-time = "2026-06-09T07:52:16.29Z" },
    { url = "https://files.pythonhosted.org/packages/46/fb/cdaed17ceb2948784fd9c36b6fd3e951b608547cea81a48e8ee6f8cfdfcb/safetensors-0.8.0-cp310-abi3-manylinux_2_31_riscv64.whl", hash = "sha256:fcdd41ec4628fee5799f807c73c353629130fbd942aa23d83c623dd6c9d52d78", size = 513832, upload-time = "2026-06-09T07:52:12.37Z" },
    { url = "https://files.pythonhosted.org/packages/0d/49/1e15de264dcc3b77943d2d0c56a95809956883b1c2d6d585c792523f180b/safetensors-0.8.0-cp310-abi3-manylinux_2_5_i686.manylinux1_i686.whl", hash = "sha256:8e9f537aa183a38ace122d27303dcd986b26bd2a7591f9181d7f0c396f4677ca", size = 559930, upload-time = "2026-06-09T07:52:14.743Z" },
    { url = "https://files.pythonhosted.org/packages/2a/43/bf38443278eab4b1be1fce2931e2b012ad9cb7df52ada751d0aab8f7659a/safetensors-0.8.0-cp310-abi3-musllinux_1_2_aarch64.whl", hash = "sha256:87eec7ffed2b809f05a398a8becb7d013f19f7837cd15d9748580d6cf30dbaf4", size = 678670, upload-time = "2026-06-09T07:52:20.032Z" },
    { url = "https://files.pythonhosted.org/packages/72/e3/68cd3fa5b48488e84add63e04cb12f3bc28ae4638c06d4508c6e88823d0e/safetensors-0.8.0-cp310-abi3-musllinux_1_2_armv7l.whl", hash = "sha256:4a95ae2b05d7726d751da4ebf626a2ca782b706e101bd894c95bc2450b1cffcc", size = 786679, upload-time = "2026-06-09T07:52:21.322Z" },
    { url = "https://files.pythonhosted.org/packages/29/4b/1c19c509d56e01f4fbb3d0a2e597450f6cc04d1d56cf52defb0a62dfd715/safetensors-0.8.0-cp310-abi3-musllinux_1_2_i686.whl", hash = "sha256:3ae091f16662658bdc019a4ff6cb4c085bb7d725eb5978b183ffd265863b6d2d", size = 765683, upload-time = "2026-06-09T07:52:22.594Z" },
    { url = "https://files.pythonhosted.org/packages/27/43/41c1621732edd934d868a00d1b891584c892a7b62a9aab82ea5a0a5623ee/safetensors-0.8.0-cp310-abi3-musllinux_1_2_x86_64.whl", hash = "sha256:8e080062fcde23be189565e1c3305d16751a218ecf9412c8601e64204eb6f846", size = 722361, upload-time = "2026-06-09T07:52:23.924Z" },
    { url = "https://files.pythonhosted.org/packages/8e/3f/73ccf82579412b4a71c4ca673f10b5f1f888d7cf5af7fe24f27d30307be4/safetensors-0.8.0-cp310-abi3-win32.whl", hash = "sha256:2ddf52eac562eda224f99acfa7889d02968c1fd59a5b011ae7d8137c37e9c02d", size = 342401, upload-time = "2026-06-09T07:52:28.895Z" },
    { url = "https://files.pythonhosted.org/packages/1b/6d/3fba214c1e5e0f69991677ec3bc17023f0421776975e1de0c682dca475e2/safetensors-0.8.0-cp310-abi3-win_amd64.whl", hash = "sha256:096ec1a98435df7beb08853bb5aa9081a84f23d0adc67ed1a0a10550f608373f", size = 355540, upload-time = "2026-06-09T07:52:27.832Z" },
    { url = "https://files.pythonhosted.org/packages/8d/fc/7eedc3510d97878876e32774eebbeb61c43f148a96e915c84229a3e967aa/safetensors-0.8.0-cp310-abi3-win_arm64.whl", hash = "sha256:f7838e5135a406ad3e02efdcb8cf2e5397d368b0154537c4fec682dbc544d452", size = 340500, upload-time = "2026-06-09T07:52:26.745Z" },
]

[[package]]
name = "setuptools"
version = "78.1.0"
source = { registry = "https://download.pytorch.org/whl/cu132" }
sdist = { url = "https://download.pytorch.org/whl/setuptools-78.1.0.tar.gz", upload-time = "2026-07-08T13:15:22Z" }
wheels = [
    { url = "https://download.pytorch.org/whl/setuptools-78.1.0-py3-none-any.whl", upload-time = "2026-07-08T13:15:22Z" },
]

[[package]]
name = "shellingham"
version = "1.5.4"
source = { registry = "https://pypi.org/simple" }
sdist = { url = "https://files.pythonhosted.org/packages/58/15/8b3609fd3830ef7b27b655beb4b4e9c62313a4e8da8c676e142cc210d58e/shellingham-1.5.4.tar.gz", hash = "sha256:8dbca0739d487e5bd35ab3ca4b36e11c4078f3a234bfce294b0a0291363404de", size = 10310, upload-time = "2023-10-24T04:13:40.426Z" }
wheels = [
    { url = "https://files.pythonhosted.org/packages/e0/f9/0595336914c5619e5f28a1fb793285925a8cd4b432c9da0a987836c7f822/shellingham-1.5.4-py2.py3-none-any.whl", hash = "sha256:7ecfff8f2fd72616f7481040475a65b2bf8af90a56c89140852d1120324e8686", size = 9755, upload-time = "2023-10-24T04:13:38.866Z" },
]

[[package]]
name = "sympy"
version = "1.14.0"
source = { registry = "https://download.pytorch.org/whl/cu132" }
dependencies = [
    { name = "mpmath" },
]
sdist = { url = "https://files.pythonhosted.org/packages/83/d3/803453b36afefb7c2bb238361cd4ae6125a569b4db67cd9e79846ba2d68c/sympy-1.14.0.tar.gz", hash = "sha256:d3d3fe8df1e5a0b42f0e7bdf50541697dbe7d23746e894990c030e2b05e72517" }
wheels = [
    { url = "https://files.pythonhosted.org/packages/a2/09/77d55d46fd61b4a135c444fc97158ef34a095e5681d0a6c10b75bf356191/sympy-1.14.0-py3-none-any.whl", hash = "sha256:e091cc3e99d2141a0ba2847328f5479b05d94a6635cb96148ccb3f34671bd8f5" },
]

[[package]]
name = "torch"
version = "2.12.0+cu132"
source = { registry = "https://download.pytorch.org/whl/cu132" }
dependencies = [
    { name = "cuda-bindings", marker = "sys_platform == 'linux'" },
    { name = "cuda-toolkit", extra = ["cublas", "cudart", "cufft", "cufile", "cupti", "curand", "cusolver", "cusparse", "nvjitlink", "nvrtc", "nvtx"], marker = "sys_platform == 'linux'" },
    { name = "filelock" },
    { name = "fsspec" },
    { name = "jinja2" },
    { name = "networkx" },
    { name = "nvidia-cudnn-cu13", marker = "sys_platform == 'linux'" },
    { name = "nvidia-cusparselt-cu13", marker = "sys_platform == 'linux'" },
    { name = "nvidia-nccl-cu13", marker = "sys_platform == 'linux'" },
    { name = "nvidia-nvshmem-cu13", marker = "sys_platform == 'linux'" },
    { name = "setuptools" },
    { name = "sympy" },
    { name = "triton", marker = "sys_platform == 'linux'" },
    { name = "typing-extensions" },
]
wheels = [
    { url = "https://download-r2.pytorch.org/whl/cu132/torch-2.12.0%2Bcu132-cp311-cp311-manylinux_2_28_aarch64.whl", hash = "sha256:c8b75ec50e9a6bfc6db0f1e0bd297a1b94c9803c378c706c4e856c7cad331398", upload-time = "2026-05-13T00:04:15Z" },
    { url = "https://download-r2.pytorch.org/whl/cu132/torch-2.12.0%2Bcu132-cp311-cp311-manylinux_2_28_x86_64.whl", hash = "sha256:6c7cd9e01a6195c38f31458cfbade9fb4909b218bc2822cd204dc0fd738625f1", upload-time = "2026-05-13T00:04:43Z" },
    { url = "https://download-r2.pytorch.org/whl/cu132/torch-2.12.0%2Bcu132-cp311-cp311-win_amd64.whl", hash = "sha256:ad6b2c8e558069de7e45c03e2104db34b7f476fd7f16b9dd976bb11fb43a13c2", upload-time = "2026-05-13T00:06:20Z" },
    { url = "https://download-r2.pytorch.org/whl/cu132/torch-2.12.0%2Bcu132-cp312-cp312-manylinux_2_28_aarch64.whl", hash = "sha256:21909235cbbc94a938d737f1721b53cc61316cd7787aa459b4d458b840fc0309", upload-time = "2026-05-13T00:07:47Z" },
    { url = "https://download-r2.pytorch.org/whl/cu132/torch-2.12.0%2Bcu132-cp312-cp312-manylinux_2_28_x86_64.whl", hash = "sha256:df5fadef905c5967cad2843916de00d32ba40ff232154584433d2b4761eb0218", upload-time = "2026-05-13T00:08:21Z" },
    { url = "https://download-r2.pytorch.org/whl/cu132/torch-2.12.0%2Bcu132-cp312-cp312-win_amd64.whl", hash = "sha256:59d4ffe54376b8e6b78622cb8e2b186c4d84963c5a06ed56299d2eee6c5bcb85", upload-time = "2026-05-13T00:09:47Z" },
    { url = "https://download-r2.pytorch.org/whl/cu132/torch-2.12.0%2Bcu132-cp313-cp313-manylinux_2_28_aarch64.whl", hash = "sha256:b96a361d18e1117b6aebb9cdf3ec8eb4690eed15fb943d35c02dcae692f616e9", upload-time = "2026-05-13T00:11:32Z" },
    { url = "https://download-r2.pytorch.org/whl/cu132/torch-2.12.0%2Bcu132-cp313-cp313-manylinux_2_28_x86_64.whl", hash = "sha256:181715135c53a170a6169fcc0823b3054827fd82e4086af5788d7f4332a3015d", upload-time = "2026-05-13T00:12:02Z" },
    { url = "https://download-r2.pytorch.org/whl/cu132/torch-2.12.0%2Bcu132-cp313-cp313-win_amd64.whl", hash = "sha256:5c6ba58843e6ed19de159c6d19a8643751d95fa2b46888de806d3aef26d60779", upload-time = "2026-05-13T00:13:24Z" },
    { url = "https://download-r2.pytorch.org/whl/cu132/torch-2.12.0%2Bcu132-cp313-cp313t-manylinux_2_28_aarch64.whl", hash = "sha256:936de3332eb262831f8decd01e5242038c15a4579b2e80e9793216d4bb017166", upload-time = "2026-05-13T00:14:53Z" },
    { url = "https://download-r2.pytorch.org/whl/cu132/torch-2.12.0%2Bcu132-cp313-cp313t-manylinux_2_28_x86_64.whl", hash = "sha256:269760d9e1776acb2eafce33e4a465f3bfe614c4704f71a4fe40b1eb6f3b89a8", upload-time = "2026-05-13T00:15:24Z" },
    { url = "https://download-r2.pytorch.org/whl/cu132/torch-2.12.0%2Bcu132-cp313-cp313t-win_amd64.whl", hash = "sha256:27983ce55156b8deb910aa99650ebee9f43ddfe132edbfef89744a9ee1386cd7", upload-time = "2026-05-13T00:17:00Z" },
    { url = "https://download-r2.pytorch.org/whl/cu132/torch-2.12.0%2Bcu132-cp314-cp314-manylinux_2_28_aarch64.whl", hash = "sha256:4c4a9c7131b05c6e974da31922ac914e3df6d19fb0bbc94a042029d107092062", upload-time = "2026-05-13T00:18:37Z" },
    { url = "https://download-r2.pytorch.org/whl/cu132/torch-2.12.0%2Bcu132-cp314-cp314-manylinux_2_28_x86_64.whl", hash = "sha256:6c7f7bdb570fe678faba48f5d0a1ff1d5a84fb5ee642056670e2c3d004a1fedd", upload-time = "2026-05-13T00:19:12Z" },
    { url = "https://download-r2.pytorch.org/whl/cu132/torch-2.12.0%2Bcu132-cp314-cp314-win_amd64.whl", hash = "sha256:12cbd9bf949d774518cf006d51fda155438860286b521720122da2e33a27b1f5", upload-time = "2026-05-13T00:20:42Z" },
    { url = "https://download-r2.pytorch.org/whl/cu132/torch-2.12.0%2Bcu132-cp314-cp314t-manylinux_2_28_aarch64.whl", hash = "sha256:586570ea68ed2fbcdb8ee9b0ec2ef8696bab7847e5d6eb7642c78fb9d675ffe7", upload-time = "2026-05-13T00:22:17Z" },
    { url = "https://download-r2.pytorch.org/whl/cu132/torch-2.12.0%2Bcu132-cp314-cp314t-manylinux_2_28_x86_64.whl", hash = "sha256:4aa32efb9ad4b847cafcaa5803d1cf19bf282688e19466823b1846c299d17763", upload-time = "2026-05-13T00:22:51Z" },
    { url = "https://download-r2.pytorch.org/whl/cu132/torch-2.12.0%2Bcu132-cp314-cp314t-win_amd64.whl", hash = "sha256:b11be4c6b4f3621811152ee2dd211103c348f02ad4d76ab62b020efe1ca9f78c", upload-time = "2026-05-13T00:24:22Z" },
]

[[package]]
name = "triton"
version = "3.7.0"
source = { registry = "https://download.pytorch.org/whl/cu132" }
wheels = [
    { url = "https://download-r2.pytorch.org/whl/triton-3.7.0-cp311-cp311-manylinux_2_27_aarch64.manylinux_2_28_aarch64.whl", hash = "sha256:e78e038305670856b2b473142694c4e3c5b689dbf2c425fb10bc9ada4453a800", upload-time = "2026-05-12T14:37:18Z" },
    { url = "https://download-r2.pytorch.org/whl/triton-3.7.0-cp311-cp311-manylinux_2_27_x86_64.manylinux_2_28_x86_64.whl", hash = "sha256:3c12253ef6c8b6a4aa0433bf3e26dd62dfde178d4e7280c3dcf46875a8e1c8de", upload-time = "2026-05-12T14:37:26Z" },
    { url = "https://download-r2.pytorch.org/whl/triton-3.7.0-cp312-cp312-manylinux_2_27_aarch64.manylinux_2_28_aarch64.whl", hash = "sha256:1435f6ab88343976bd4b75a618d205449224af49f19c857482a8bb7cddff8481", upload-time = "2026-05-12T14:37:42Z" },
    { url = "https://download-r2.pytorch.org/whl/triton-3.7.0-cp312-cp312-manylinux_2_27_x86_64.manylinux_2_28_x86_64.whl", hash = "sha256:1f70c2b92b45a1ad978f9cc04872fec0ba2c838bfb975c1f6369d4ce4d83f54e", upload-time = "2026-05-12T14:37:50Z" },
    { url = "https://download-r2.pytorch.org/whl/triton-3.7.0-cp313-cp313-manylinux_2_27_aarch64.manylinux_2_28_aarch64.whl", hash = "sha256:9b8295f6c72dcf840d3f4cac25c1b2ff482ef1e9ead23415b48fc2d8373a170d", upload-time = "2026-05-12T14:38:06Z" },
    { url = "https://download-r2.pytorch.org/whl/triton-3.7.0-cp313-cp313-manylinux_2_27_x86_64.manylinux_2_28_x86_64.whl", hash = "sha256:d01038281f37633f06142f1d4dacc487ea4d451b02eb33edfde758d136628ba2", upload-time = "2026-05-12T14:38:14Z" },
    { url = "https://download-r2.pytorch.org/whl/triton-3.7.0-cp313-cp313t-manylinux_2_27_aarch64.manylinux_2_28_aarch64.whl", hash = "sha256:ce7d86842cdafd8c0395fa52dde52f7e010b5fa2bfb86c28ac39f9b424418c52", upload-time = "2026-05-12T14:38:31Z" },
    { url = "https://download-r2.pytorch.org/whl/triton-3.7.0-cp313-cp313t-manylinux_2_27_x86_64.manylinux_2_28_x86_64.whl", hash = "sha256:dabbdb451a8284aa49b236c2a2445372c2d7fd2d0a59e95b1d4c3a31c3c1fc5b", upload-time = "2026-05-12T14:38:40Z" },
    { url = "https://download-r2.pytorch.org/whl/triton-3.7.0-cp314-cp314-manylinux_2_27_aarch64.manylinux_2_28_aarch64.whl", hash = "sha256:668ed9898f999b363bf5d7a9d59516ce41f8d5d8bf0f4a7770d2ee7dd0f9ec71", upload-time = "2026-05-12T14:38:58Z" },
    { url = "https://download-r2.pytorch.org/whl/triton-3.7.0-cp314-cp314-manylinux_2_27_x86_64.manylinux_2_28_x86_64.whl", hash = "sha256:96b109941c922064ade0d738362e03a93079ec7e483232f6fdba803b760214cc", upload-time = "2026-05-12T14:39:07Z" },
    { url = "https://download-r2.pytorch.org/whl/triton-3.7.0-cp314-cp314t-manylinux_2_27_aarch64.manylinux_2_28_aarch64.whl", hash = "sha256:0063ee81e0dcc408a96b7b0f7fcf5be243af6309d5a0036935f376df1f517a5a", upload-time = "2026-05-12T14:39:27Z" },
    { url = "https://download-r2.pytorch.org/whl/triton-3.7.0-cp314-cp314t-manylinux_2_27_x86_64.manylinux_2_28_x86_64.whl", hash = "sha256:79870459bc8011337aaf39f71baf208404ff008f41b4697b61a89757fe30a68e", upload-time = "2026-05-12T14:39:37Z" },
]

[[package]]
name = "typer"
version = "0.27.1"
source = { registry = "https://pypi.org/simple" }
dependencies = [
    { name = "annotated-doc" },
    { name = "colorama", marker = "sys_platform == 'win32'" },
    { name = "rich" },
    { name = "shellingham" },
]
sdist = { url = "https://files.pythonhosted.org/packages/ae/40/4a3db7990d1f62a53182aa96eaef57aeb2886a27f90a195bc66713565d31/typer-0.27.1.tar.gz", hash = "sha256:a79bef8469a79c45498e7b814ecf8d603cc7644e9acbd9e19cac0334240b18df", size = 203994, upload-time = "2026-08-03T14:41:03.438Z" }
wheels = [
    { url = "https://files.pythonhosted.org/packages/43/89/9518bc0c3929bee36b3a4a8e3daddd6e03f92f9961c66d4983b837160543/typer-0.27.1-py3-none-any.whl", hash = "sha256:53150287edd11baeb4e4722c8e394fcdf8181c0ae89485cba8d25c778d5edd56", size = 122874, upload-time = "2026-08-03T14:41:04.391Z" },
]

[[package]]
name = "typing-extensions"
version = "4.16.0"
source = { registry = "https://download.pytorch.org/whl/cu132" }
sdist = { url = "https://files.pythonhosted.org/packages/f6/cc/6253133b5bb138fc3306cebfbda2c520f545d36b5be2c7255cc528bb45d6/typing_extensions-4.16.0.tar.gz", hash = "sha256:dc983d19a509c94dba722ee6abd33940f7c05a89e243c47e907eb4db6f1a43e5" }
wheels = [
    { url = "https://files.pythonhosted.org/packages/49/d3/b8441a820a491ddfc024b0b0cf0393375b75ea13866d9c66727e54c2fc80/typing_extensions-4.16.0-py3-none-any.whl", hash = "sha256:481caa481374e813c1b176ada14e97f1f67a4539ce9cfeb3f350d78d6370c2e8" },
]
